
Microsoft Visual Studio Solution File, Format Version 12.00
# Visual Studio Version 16
VisualStudioVersion = 16.0.30204.135
MinimumVisualStudioVersion = 10.0.40219.1
Project("{FAE04EC0-301F-11D3-BF4B-00C04F79EFBC}") = "GetHealthySkelet", "GetHealthySkelet\GetHealthySkelet.csproj", "{E3130482-2CF7-4EE5-9F5F-28CE7421ACEA}"
EndProject
Global
	GlobalSection(SolutionConfigurationPlatforms) = preSolution
		Debug|Any CPU = Debug|Any CPU
		Release|Any CPU = Release|Any CPU
	EndGlobalSection
	GlobalSection(ProjectConfigurationPlatforms) = postSolution
		{E3130482-2CF7-4EE5-9F5F-28CE7421ACEA}.Debug|Any CPU.ActiveCfg = Debug|Any CPU
		{E3130482-2CF7-4EE5-9F5F-28CE7421ACEA}.Debug|Any CPU.Build.0 = Debug|Any CPU
		{E3130482-2CF7-4EE5-9F5F-28CE7421ACEA}.Release|Any CPU.ActiveCfg = Release|Any CPU
		{E3130482-2CF7-4EE5-9F5F-28CE7421ACEA}.Release|Any CPU.Build.0 = Release|Any CPU
	EndGlobalSection
	GlobalSection(SolutionProperties) = preSolution
		HideSolutionNode = FALSE
	EndGlobalSection
	GlobalSection(ExtensibilityGlobals) = postSolution
		SolutionGuid = {2B4B060D-446F-468A-8C99-03B61D8CD8B7}
	EndGlobalSection
EndGlobal
